
Microsoft Visual Studio Solution File, Format Version 12.00
# Visual Studio Version 17
VisualStudioVersion = 17.9.34622.214
MinimumVisualStudioVersion = 10.0.40219.1
Project("{FAE04EC0-301F-11D3-BF4B-00C04F79EFBC}") = "LlamaLocalChatbot", "LlamaLocalChatbot\LlamaLocalChatbot.csproj", "{09E5A9A3-45DA-4E4A-9E18-64167F58F192}"
EndProject
Global
	GlobalSection(SolutionConfigurationPlatforms) = preSolution
		Debug|Any CPU = Debug|Any CPU
		Release|Any CPU = Release|Any CPU
	EndGlobalSection
	GlobalSection(ProjectConfigurationPlatforms) = postSolution
		{09E5A9A3-45DA-4E4A-9E18-64167F58F192}.Debug|Any CPU.ActiveCfg = Debug|Any CPU
		{09E5A9A3-45DA-4E4A-9E18-64167F58F192}.Debug|Any CPU.Build.0 = Debug|Any CPU
		{09E5A9A3-45DA-4E4A-9E18-64167F58F192}.Release|Any CPU.ActiveCfg = Release|Any CPU
		{09E5A9A3-45DA-4E4A-9E18-64167F58F192}.Release|Any CPU.Build.0 = Release|Any CPU
	EndGlobalSection
	GlobalSection(SolutionProperties) = preSolution
		HideSolutionNode = FALSE
	EndGlobalSection
	GlobalSection(ExtensibilityGlobals) = postSolution
		SolutionGuid = {5AC653AA-0ECC-427E-8029-F4CD3D1DE3C2}
	EndGlobalSection
EndGlobal
